
Microsoft Visual Studio Solution File, Format Version 12.00
# Visual Studio Version 17
VisualStudioVersion = 17.4.33403.182
MinimumVisualStudioVersion = 10.0.40219.1
Project("{9A19103F-16F7-4668-BE54-9A1E7A4F7556}") = "Application", "Application.csproj", "{E8DAE5F8-4834-4A64-A675-1E2902E80408}"
EndProject
Global
	GlobalSection(SolutionConfigurationPlatforms) = preSolution
		Debug|Any CPU = Debug|Any CPU
		Release|Any CPU = Release|Any CPU
	EndGlobalSection
	GlobalSection(ProjectConfigurationPlatforms) = postSolution
		{E8DAE5F8-4834-4A64-A675-1E2902E80408}.Debug|Any CPU.ActiveCfg = Debug|Any CPU
		{E8DAE5F8-4834-4A64-A675-1E2902E80408}.Debug|Any CPU.Build.0 = Debug|Any CPU
		{E8DAE5F8-4834-4A64-A675-1E2902E80408}.Release|Any CPU.ActiveCfg = Release|Any CPU
		{E8DAE5F8-4834-4A64-A675-1E2902E80408}.Release|Any CPU.Build.0 = Release|Any CPU
	EndGlobalSection
	GlobalSection(SolutionProperties) = preSolution
		HideSolutionNode = FALSE
	EndGlobalSection
	GlobalSection(ExtensibilityGlobals) = postSolution
		SolutionGuid = {44AC445C-AC47-4E67-A0A8-073BC265FA43}
	EndGlobalSection
EndGlobal
